
Microsoft Visual Studio Solution File, Format Version 10.00
# Visual Studio 2008
Project("{D183A3D8-5FD8-494B-B014-37F57B35E655}") = "Integration Services Project1", "Integration Services Project1\Integration Services Project1.dtproj", "{AA2A0E96-EF9E-4411-BD4A-03A18E16E540}"
EndProject
Global
	GlobalSection(SolutionConfigurationPlatforms) = preSolution
		Development|Default = Development|Default
	EndGlobalSection
	GlobalSection(ProjectConfigurationPlatforms) = postSolution
		{AA2A0E96-EF9E-4411-BD4A-03A18E16E540}.Development|Default.ActiveCfg = Development
		{AA2A0E96-EF9E-4411-BD4A-03A18E16E540}.Development|Default.Build.0 = Development
	EndGlobalSection
	GlobalSection(SolutionProperties) = preSolution
		HideSolutionNode = FALSE
	EndGlobalSection
EndGlobal
