
Microsoft Visual Studio Solution File, Format Version 9.00
# Visual Studio 2005
Project("{FAE04EC0-301F-11D3-BF4B-00C04F79EFBC}") = "CarsambaSabahSiniflar", "CarsambaSabahSiniflar\CarsambaSabahSiniflar.csproj", "{547CD435-57F7-4F38-9BB6-4C04592624FD}"
EndProject
Global
	GlobalSection(SolutionConfigurationPlatforms) = preSolution
		Debug|Any CPU = Debug|Any CPU
		Release|Any CPU = Release|Any CPU
	EndGlobalSection
	GlobalSection(ProjectConfigurationPlatforms) = postSolution
		{547CD435-57F7-4F38-9BB6-4C04592624FD}.Debug|Any CPU.ActiveCfg = Debug|Any CPU
		{547CD435-57F7-4F38-9BB6-4C04592624FD}.Debug|Any CPU.Build.0 = Debug|Any CPU
		{547CD435-57F7-4F38-9BB6-4C04592624FD}.Release|Any CPU.ActiveCfg = Release|Any CPU
		{547CD435-57F7-4F38-9BB6-4C04592624FD}.Release|Any CPU.Build.0 = Release|Any CPU
	EndGlobalSection
	GlobalSection(SolutionProperties) = preSolution
		HideSolutionNode = FALSE
	EndGlobalSection
EndGlobal
