
Microsoft Visual Studio Solution File, Format Version 10.00
# Visual Studio 2008
Project("{FAE04EC0-301F-11D3-BF4B-00C04F79EFBC}") = "mismisKuruyemis", "mismisKuruyemis\mismisKuruyemis.csproj", "{5F5916F5-FF77-4945-A9D1-0A8ABF3F7396}"
EndProject
Global
	GlobalSection(SolutionConfigurationPlatforms) = preSolution
		Debug|Any CPU = Debug|Any CPU
		Release|Any CPU = Release|Any CPU
	EndGlobalSection
	GlobalSection(ProjectConfigurationPlatforms) = postSolution
		{5F5916F5-FF77-4945-A9D1-0A8ABF3F7396}.Debug|Any CPU.ActiveCfg = Debug|Any CPU
		{5F5916F5-FF77-4945-A9D1-0A8ABF3F7396}.Debug|Any CPU.Build.0 = Debug|Any CPU
		{5F5916F5-FF77-4945-A9D1-0A8ABF3F7396}.Release|Any CPU.ActiveCfg = Release|Any CPU
		{5F5916F5-FF77-4945-A9D1-0A8ABF3F7396}.Release|Any CPU.Build.0 = Release|Any CPU
	EndGlobalSection
	GlobalSection(SolutionProperties) = preSolution
		HideSolutionNode = FALSE
	EndGlobalSection
EndGlobal
