
Microsoft Visual Studio Solution File, Format Version 9.00
# Visual Studio 2005
Project("{E24C65DC-7377-472B-9ABA-BC803B73C61A}") = "D:\...\CarSab2\", "..\..\WebSites\CarSab2\", "{AFDB5F06-FC53-4801-A7D7-57FC5292D37C}"
	ProjectSection(WebsiteProperties) = preProject
		ProjectReferences = "{547CD435-57F7-4F38-9BB6-4C04592624FD}|CarsambaSabahSiniflar.dll;"
		Debug.AspNetCompiler.VirtualPath = "/CarSab2"
		Debug.AspNetCompiler.PhysicalPath = "..\..\WebSites\CarSab2\"
		Debug.AspNetCompiler.TargetPath = "PrecompiledWeb\CarSab2\"
		Debug.AspNetCompiler.Updateable = "true"
		Debug.AspNetCompiler.ForceOverwrite = "true"
		Debug.AspNetCompiler.FixedNames = "false"
		Debug.AspNetCompiler.Debug = "True"
		Release.AspNetCompiler.VirtualPath = "/CarSab2"
		Release.AspNetCompiler.PhysicalPath = "..\..\WebSites\CarSab2\"
		Release.AspNetCompiler.TargetPath = "PrecompiledWeb\CarSab2\"
		Release.AspNetCompiler.Updateable = "true"
		Release.AspNetCompiler.ForceOverwrite = "true"
		Release.AspNetCompiler.FixedNames = "false"
		Release.AspNetCompiler.Debug = "False"
		VWDPort = "3053"
		DefaultWebSiteLanguage = "Visual C#"
	EndProjectSection
EndProject
Project("{FAE04EC0-301F-11D3-BF4B-00C04F79EFBC}") = "CarsambaSabahSiniflar", "..\CarsambaSabahSiniflar\CarsambaSabahSiniflar\CarsambaSabahSiniflar.csproj", "{547CD435-57F7-4F38-9BB6-4C04592624FD}"
	ProjectSection(WebsiteProperties) = preProject
		Debug.AspNetCompiler.Debug = "True"
		Release.AspNetCompiler.Debug = "False"
	EndProjectSection
EndProject
Global
	GlobalSection(SolutionConfigurationPlatforms) = preSolution
		Debug|.NET = Debug|.NET
		Debug|Any CPU = Debug|Any CPU
		Debug|Mixed Platforms = Debug|Mixed Platforms
		Release|.NET = Release|.NET
		Release|Any CPU = Release|Any CPU
		Release|Mixed Platforms = Release|Mixed Platforms
	EndGlobalSection
	GlobalSection(ProjectConfigurationPlatforms) = postSolution
		{AFDB5F06-FC53-4801-A7D7-57FC5292D37C}.Debug|.NET.ActiveCfg = Debug|.NET
		{AFDB5F06-FC53-4801-A7D7-57FC5292D37C}.Debug|.NET.Build.0 = Debug|.NET
		{AFDB5F06-FC53-4801-A7D7-57FC5292D37C}.Debug|Any CPU.ActiveCfg = Debug|.NET
		{AFDB5F06-FC53-4801-A7D7-57FC5292D37C}.Debug|Mixed Platforms.ActiveCfg = Debug|.NET
		{AFDB5F06-FC53-4801-A7D7-57FC5292D37C}.Debug|Mixed Platforms.Build.0 = Debug|.NET
		{AFDB5F06-FC53-4801-A7D7-57FC5292D37C}.Release|.NET.ActiveCfg = Debug|.NET
		{AFDB5F06-FC53-4801-A7D7-57FC5292D37C}.Release|.NET.Build.0 = Debug|.NET
		{AFDB5F06-FC53-4801-A7D7-57FC5292D37C}.Release|Any CPU.ActiveCfg = Debug|.NET
		{AFDB5F06-FC53-4801-A7D7-57FC5292D37C}.Release|Mixed Platforms.ActiveCfg = Debug|.NET
		{AFDB5F06-FC53-4801-A7D7-57FC5292D37C}.Release|Mixed Platforms.Build.0 = Debug|.NET
		{547CD435-57F7-4F38-9BB6-4C04592624FD}.Debug|.NET.ActiveCfg = Debug|Any CPU
		{547CD435-57F7-4F38-9BB6-4C04592624FD}.Debug|Any CPU.ActiveCfg = Debug|Any CPU
		{547CD435-57F7-4F38-9BB6-4C04592624FD}.Debug|Any CPU.Build.0 = Debug|Any CPU
		{547CD435-57F7-4F38-9BB6-4C04592624FD}.Debug|Mixed Platforms.ActiveCfg = Debug|Any CPU
		{547CD435-57F7-4F38-9BB6-4C04592624FD}.Debug|Mixed Platforms.Build.0 = Debug|Any CPU
		{547CD435-57F7-4F38-9BB6-4C04592624FD}.Release|.NET.ActiveCfg = Release|Any CPU
		{547CD435-57F7-4F38-9BB6-4C04592624FD}.Release|Any CPU.ActiveCfg = Release|Any CPU
		{547CD435-57F7-4F38-9BB6-4C04592624FD}.Release|Any CPU.Build.0 = Release|Any CPU
		{547CD435-57F7-4F38-9BB6-4C04592624FD}.Release|Mixed Platforms.ActiveCfg = Release|Any CPU
		{547CD435-57F7-4F38-9BB6-4C04592624FD}.Release|Mixed Platforms.Build.0 = Release|Any CPU
	EndGlobalSection
	GlobalSection(SolutionProperties) = preSolution
		HideSolutionNode = FALSE
	EndGlobalSection
EndGlobal
