
Microsoft Visual Studio Solution File, Format Version 10.00
# Visual Studio 2008
Project("{E24C65DC-7377-472B-9ABA-BC803B73C61A}") = "TezVeriAtma", "..\..\WebSites\TezVeriAtma\", "{D3B46FA5-D1F0-460D-85A3-C93EC7926E90}"
	ProjectSection(WebsiteProperties) = preProject
		TargetFramework = "3.5"
		Debug.AspNetCompiler.VirtualPath = "/TezVeriAtma"
		Debug.AspNetCompiler.PhysicalPath = "..\..\WebSites\TezVeriAtma\"
		Debug.AspNetCompiler.TargetPath = "PrecompiledWeb\TezVeriAtma\"
		Debug.AspNetCompiler.Updateable = "true"
		Debug.AspNetCompiler.ForceOverwrite = "true"
		Debug.AspNetCompiler.FixedNames = "false"
		Debug.AspNetCompiler.Debug = "True"
		Release.AspNetCompiler.VirtualPath = "/TezVeriAtma"
		Release.AspNetCompiler.PhysicalPath = "..\..\WebSites\TezVeriAtma\"
		Release.AspNetCompiler.TargetPath = "PrecompiledWeb\TezVeriAtma\"
		Release.AspNetCompiler.Updateable = "true"
		Release.AspNetCompiler.ForceOverwrite = "true"
		Release.AspNetCompiler.FixedNames = "false"
		Release.AspNetCompiler.Debug = "False"
		VWDPort = "62683"
		DefaultWebSiteLanguage = "Visual C#"
	EndProjectSection
EndProject
Global
	GlobalSection(SolutionConfigurationPlatforms) = preSolution
		Debug|Any CPU = Debug|Any CPU
	EndGlobalSection
	GlobalSection(ProjectConfigurationPlatforms) = postSolution
		{D3B46FA5-D1F0-460D-85A3-C93EC7926E90}.Debug|Any CPU.ActiveCfg = Debug|Any CPU
		{D3B46FA5-D1F0-460D-85A3-C93EC7926E90}.Debug|Any CPU.Build.0 = Debug|Any CPU
	EndGlobalSection
	GlobalSection(SolutionProperties) = preSolution
		HideSolutionNode = FALSE
	EndGlobalSection
EndGlobal
