
Microsoft Visual Studio Solution File, Format Version 10.00
# Visual Studio 2008
Project("{D2ABAB84-BF74-430A-B69E-9DC6D40DDA17}") = "odev1", "odev1\odev1.dwproj", "{0C3A1D1C-9D0E-40C0-A8FA-8AA8E16562FE}"
EndProject
Global
	GlobalSection(SolutionConfigurationPlatforms) = preSolution
		Development|Default = Development|Default
	EndGlobalSection
	GlobalSection(ProjectConfigurationPlatforms) = postSolution
		{0C3A1D1C-9D0E-40C0-A8FA-8AA8E16562FE}.Development|Default.ActiveCfg = Development
		{0C3A1D1C-9D0E-40C0-A8FA-8AA8E16562FE}.Development|Default.Build.0 = Development
		{0C3A1D1C-9D0E-40C0-A8FA-8AA8E16562FE}.Development|Default.Deploy.0 = Development
	EndGlobalSection
	GlobalSection(SolutionProperties) = preSolution
		HideSolutionNode = FALSE
	EndGlobalSection
EndGlobal
